<?xml version="1.0" encoding="utf-8"?>
<Project ToolsVersion="4.0" xmlns="http://schemas.microsoft.com/developer/msbuild/2003">
  <ItemGroup>
    <Filter Include="Framework">
      <UniqueIdentifier>{6abdf35e-16d3-4f1f-9689-7284153440f8}</UniqueIdentifier>
    </Filter>
    <Filter Include="Framework\Device">
      <UniqueIdentifier>{2a0c56b2-da3f-4ba7-adf7-5e89cdb6b94d}</UniqueIdentifier>
    </Filter>
    <Filter Include="Framework\Input">
      <UniqueIdentifier>{e755b70b-af8d-43d5-af08-1729115a058f}</UniqueIdentifier>
    </Filter>
    <Filter Include="Framework\Background">
      <UniqueIdentifier>{e0520f18-279d-4f7c-8add-9554f5a857e7}</UniqueIdentifier>
    </Filter>
    <Filter Include="Framework\Windows">
      <UniqueIdentifier>{8c534c1d-b6f9-4e18-b64b-98ad1ae6b85d}</UniqueIdentifier>
    </Filter>
    <Filter Include="Framework\Player">
      <UniqueIdentifier>{734b3a2e-b9b3-4079-9b54-72f8cd0680b6}</UniqueIdentifier>
    </Filter>
    <Filter Include="Framework\DrawObject">
      <UniqueIdentifier>{9a89712c-645a-40a5-9fb6-b84f8a27b361}</UniqueIdentifier>
    </Filter>
    <Filter Include="Framework\Collision">
      <UniqueIdentifier>{09f9ac89-56c8-426e-a77b-1541f266b97f}</UniqueIdentifier>
    </Filter>
    <Filter Include="Framework\Game">
      <UniqueIdentifier>{f66210d5-3e0a-4e8a-982a-643e2d113b24}</UniqueIdentifier>
    </Filter>
    <Filter Include="Framework\Player\Simon">
      <UniqueIdentifier>{6dd172e3-5081-4035-9b8d-a7703ff20a77}</UniqueIdentifier>
    </Filter>
    <Filter Include="Framework\Game\GamePlay">
      <UniqueIdentifier>{8492635c-4451-49d3-882d-d2a2ef212751}</UniqueIdentifier>
    </Filter>
    <Filter Include="Framework\Game Object">
      <UniqueIdentifier>{357b4dda-e517-4794-bc61-5943d20d6f16}</UniqueIdentifier>
    </Filter>
    <Filter Include="Framework\Game Object\Item">
      <UniqueIdentifier>{8920f252-f4b8-4600-a37b-f96f811de4fe}</UniqueIdentifier>
    </Filter>
    <Filter Include="Framework\Game Object\Enemy">
      <UniqueIdentifier>{681f9bae-de96-4e08-aa6b-3a71b8709c8e}</UniqueIdentifier>
    </Filter>
    <Filter Include="Framework\Game Object\Enemy\Zombie">
      <UniqueIdentifier>{fdd7aa91-dcbf-4543-b880-304e50c6830d}</UniqueIdentifier>
    </Filter>
    <Filter Include="Framework\Game Object\Enemy\BlackLeopard">
      <UniqueIdentifier>{34f6f581-e215-4572-acc4-84df6ec67e33}</UniqueIdentifier>
    </Filter>
    <Filter Include="Framework\Game Object\Enemy\VampireBat">
      <UniqueIdentifier>{b6d3e71e-e8a3-4526-ba19-499d8ebfc914}</UniqueIdentifier>
    </Filter>
    <Filter Include="Framework\Game Object\Banner">
      <UniqueIdentifier>{642164af-45af-4ed5-a6f3-76f513f3b38b}</UniqueIdentifier>
    </Filter>
    <Filter Include="Framework\Level">
      <UniqueIdentifier>{ae9dc212-df8a-4080-b662-d03748f0dac8}</UniqueIdentifier>
    </Filter>
    <Filter Include="Framework\Game Object\Weapon">
      <UniqueIdentifier>{4701b3e6-7852-4102-8069-2900fe8599eb}</UniqueIdentifier>
    </Filter>
    <Filter Include="Framework\Quadtree">
      <UniqueIdentifier>{eca04a75-49ce-4eba-9959-e10f3340fc54}</UniqueIdentifier>
    </Filter>
    <Filter Include="Framework\Game Object\Enemy\Boss VampireBat">
      <UniqueIdentifier>{7de82a57-f6eb-411d-a0f5-6f63b766b4a2}</UniqueIdentifier>
    </Filter>
    <Filter Include="Framework\Game Object\Enemy\Fish Man">
      <UniqueIdentifier>{0a76905d-9fb2-4e6a-a6ef-f1e6b2a82daa}</UniqueIdentifier>
    </Filter>
    <Filter Include="Framework\Game Object\Big Light">
      <UniqueIdentifier>{5575adfb-255a-4578-9ea3-0c73b1dc0539}</UniqueIdentifier>
    </Filter>
    <Filter Include="Framework\Game Object\Hide Object">
      <UniqueIdentifier>{733fad63-4369-4138-98d1-e18d95b49fd9}</UniqueIdentifier>
    </Filter>
    <Filter Include="Framework\Game Object\BaseObjectGame">
      <UniqueIdentifier>{9c8cfa14-9a06-45d0-9749-7f759c5e6ecf}</UniqueIdentifier>
    </Filter>
    <Filter Include="Framework\StateGame">
      <UniqueIdentifier>{9808470c-0200-4e31-9123-522802717c70}</UniqueIdentifier>
    </Filter>
    <Filter Include="Framework\StateGame\State Intro">
      <UniqueIdentifier>{8b0f0fdc-7b97-46f8-9914-eec9da444474}</UniqueIdentifier>
    </Filter>
    <Filter Include="Framework\StateGame\State Game Play">
      <UniqueIdentifier>{0fd06459-d497-4c1b-a984-1c3e5f006798}</UniqueIdentifier>
    </Filter>
    <Filter Include="Framework\StateGame\State Game Start">
      <UniqueIdentifier>{9549de8a-a1f6-4b23-8817-ab4b758d78a6}</UniqueIdentifier>
    </Filter>
    <Filter Include="Framework\Device\Sound">
      <UniqueIdentifier>{5af100cc-0ecb-4d24-a63c-a07ce8b93fec}</UniqueIdentifier>
    </Filter>
    <Filter Include="Framework\Game Object\Hide Object\Stair">
      <UniqueIdentifier>{494546c2-c2ec-426f-b27e-63d725c21a62}</UniqueIdentifier>
    </Filter>
    <Filter Include="Framework\Game Object\Enemy\Small Light">
      <UniqueIdentifier>{5226f007-4c19-4f68-b194-dd6330ce494a}</UniqueIdentifier>
    </Filter>
    <Filter Include="Framework\Game Object\Hide Object\Change Screen">
      <UniqueIdentifier>{2b0da1d9-47ea-4518-95d7-50f0dc242b2b}</UniqueIdentifier>
    </Filter>
  </ItemGroup>
  <ItemGroup>
    <ClInclude Include="Global.h">
      <Filter>Framework</Filter>
    </ClInclude>
    <ClInclude Include="Texture.h">
      <Filter>Framework\Device</Filter>
    </ClInclude>
    <ClInclude Include="Sprite.h">
      <Filter>Framework\Device</Filter>
    </ClInclude>
    <ClInclude Include="Animation.h">
      <Filter>Framework\Device</Filter>
    </ClInclude>
    <ClInclude Include="Camera.h">
      <Filter>Framework\Device</Filter>
    </ClInclude>
    <ClInclude Include="Input.h">
      <Filter>Framework\Input</Filter>
    </ClInclude>
    <ClInclude Include="LoadBackground.h">
      <Filter>Framework\Background</Filter>
    </ClInclude>
    <ClInclude Include="Singleton.h">
      <Filter>Framework</Filter>
    </ClInclude>
    <ClInclude Include="ViewWindows.h">
      <Filter>Framework\Windows</Filter>
    </ClInclude>
    <ClInclude Include="Device.h">
      <Filter>Framework\Windows</Filter>
    </ClInclude>
    <ClInclude Include="FileUtil.h" />
    <ClInclude Include="Collision.h">
      <Filter>Framework\Collision</Filter>
    </ClInclude>
    <ClInclude Include="CastleVania.h">
      <Filter>Framework\Game</Filter>
    </ClInclude>
    <ClInclude Include="Game.h">
      <Filter>Framework\Game</Filter>
    </ClInclude>
    <ClInclude Include="BaseGameObject.h">
      <Filter>Framework\Game Object\BaseObjectGame</Filter>
    </ClInclude>
    <ClInclude Include="Move.h">
      <Filter>Framework\Player</Filter>
    </ClInclude>
    <ClInclude Include="Simon.h">
      <Filter>Framework\Player\Simon</Filter>
    </ClInclude>
    <ClInclude Include="DrawObject.h">
      <Filter>Framework\DrawObject</Filter>
    </ClInclude>
    <ClInclude Include="PoolObject.h">
      <Filter>Framework\DrawObject</Filter>
    </ClInclude>
    <ClInclude Include="GameManager.h">
      <Filter>Framework\Game\GamePlay</Filter>
    </ClInclude>
    <ClInclude Include="Cane.h">
      <Filter>Framework\Player\Simon</Filter>
    </ClInclude>
    <ClInclude Include="Resources.h" />
    <ClInclude Include="HinhVuong.h" />
    <ClInclude Include="HinhChuNhat.h" />
    <ClInclude Include="OnCollision.h">
      <Filter>Framework\Collision</Filter>
    </ClInclude>
    <ClInclude Include="LoadObject.h">
      <Filter>Framework\DrawObject</Filter>
    </ClInclude>
    <ClInclude Include="Item.h">
      <Filter>Framework\Game Object\Item</Filter>
    </ClInclude>
    <ClInclude Include="ItemManage.h">
      <Filter>Framework\Game Object\Item</Filter>
    </ClInclude>
    <ClInclude Include="Enemy.h">
      <Filter>Framework\Game Object\Enemy</Filter>
    </ClInclude>
    <ClInclude Include="EnemyManage.h">
      <Filter>Framework\Game Object\Enemy</Filter>
    </ClInclude>
    <ClInclude Include="Zombie.h">
      <Filter>Framework\Game Object\Enemy\Zombie</Filter>
    </ClInclude>
    <ClInclude Include="VampireBat.h">
      <Filter>Framework\Game Object\Enemy\VampireBat</Filter>
    </ClInclude>
    <ClInclude Include="BlackLeopard.h">
      <Filter>Framework\Game Object\Enemy\BlackLeopard</Filter>
    </ClInclude>
    <ClInclude Include="Banner.h">
      <Filter>Framework\Game Object\Banner</Filter>
    </ClInclude>
    <ClInclude Include="Level.h">
      <Filter>Framework\Level</Filter>
    </ClInclude>
    <ClInclude Include="Weapon.h">
      <Filter>Framework\Game Object\Weapon</Filter>
    </ClInclude>
    <ClInclude Include="WeaponManage.h">
      <Filter>Framework\Game Object\Weapon</Filter>
    </ClInclude>
    <ClInclude Include="QuadObject.h">
      <Filter>Framework\Quadtree</Filter>
    </ClInclude>
    <ClInclude Include="Brick.h">
      <Filter>Framework\Game Object</Filter>
    </ClInclude>
    <ClInclude Include="QuadNode.h">
      <Filter>Framework\Quadtree</Filter>
    </ClInclude>
    <ClInclude Include="QuadTree.h">
      <Filter>Framework\Quadtree</Filter>
    </ClInclude>
    <ClInclude Include="BossVampireBat.h">
      <Filter>Framework\Game Object\Enemy\Boss VampireBat</Filter>
    </ClInclude>
    <ClInclude Include="FireBall.h">
      <Filter>Framework\Game Object\Enemy\Fish Man</Filter>
    </ClInclude>
    <ClInclude Include="FishMan.h">
      <Filter>Framework\Game Object\Enemy\Fish Man</Filter>
    </ClInclude>
    <ClInclude Include="Ground.h">
      <Filter>Framework\Game Object\Big Light</Filter>
    </ClInclude>
    <ClInclude Include="HideObject.h">
      <Filter>Framework\Game Object\Hide Object</Filter>
    </ClInclude>
    <ClInclude Include="State.h">
      <Filter>Framework\StateGame</Filter>
    </ClInclude>
    <ClInclude Include="StateGameManager.h">
      <Filter>Framework\StateGame</Filter>
    </ClInclude>
    <ClInclude Include="StateGameIntro.h">
      <Filter>Framework\StateGame\State Intro</Filter>
    </ClInclude>
    <ClInclude Include="StateGamePlay.h">
      <Filter>Framework\StateGame\State Game Play</Filter>
    </ClInclude>
    <ClInclude Include="StateGameStart.h">
      <Filter>Framework\StateGame\State Game Start</Filter>
    </ClInclude>
    <ClInclude Include="SimonIntro.h">
      <Filter>Framework\StateGame\State Intro</Filter>
    </ClInclude>
    <ClInclude Include="SoundUtil.h">
      <Filter>Framework\Device\Sound</Filter>
    </ClInclude>
    <ClInclude Include="ManageAudio.h">
      <Filter>Framework\Device\Sound</Filter>
    </ClInclude>
    <ClInclude Include="Stair.h">
      <Filter>Framework\Game Object\Hide Object\Stair</Filter>
    </ClInclude>
    <ClInclude Include="SmallLight.h">
      <Filter>Framework\Game Object\Enemy\Small Light</Filter>
    </ClInclude>
    <ClInclude Include="HideObjectManage.h">
      <Filter>Framework\Game Object\Hide Object</Filter>
    </ClInclude>
    <ClInclude Include="DrawFont.h" />
    <ClInclude Include="ChangeScreen.h">
      <Filter>Framework\Game Object\Hide Object\Change Screen</Filter>
    </ClInclude>
    <ClInclude Include="UpStairRight.h">
      <Filter>Framework\Game Object\Hide Object\Stair</Filter>
    </ClInclude>
    <ClInclude Include="UpStairLeft.h">
      <Filter>Framework\Game Object\Hide Object\Stair</Filter>
    </ClInclude>
    <ClInclude Include="DownStairRight.h">
      <Filter>Framework\Game Object\Hide Object\Stair</Filter>
    </ClInclude>
    <ClInclude Include="DownStairLeft.h">
      <Filter>Framework\Game Object\Hide Object\Stair</Filter>
    </ClInclude>
  </ItemGroup>
  <ItemGroup>
    <ClCompile Include="Texture.cpp">
      <Filter>Framework\Device</Filter>
    </ClCompile>
    <ClCompile Include="Sprite.cpp">
      <Filter>Framework\Device</Filter>
    </ClCompile>
    <ClCompile Include="Animation.cpp">
      <Filter>Framework\Device</Filter>
    </ClCompile>
    <ClCompile Include="Camera.cpp">
      <Filter>Framework\Device</Filter>
    </ClCompile>
    <ClCompile Include="Input.cpp">
      <Filter>Framework\Input</Filter>
    </ClCompile>
    <ClCompile Include="LoadBackground.cpp">
      <Filter>Framework\Background</Filter>
    </ClCompile>
    <ClCompile Include="ViewWindows.cpp">
      <Filter>Framework\Windows</Filter>
    </ClCompile>
    <ClCompile Include="Device.cpp">
      <Filter>Framework\Windows</Filter>
    </ClCompile>
    <ClCompile Include="FileUtil.cpp" />
    <ClCompile Include="Main.cpp">
      <Filter>Framework</Filter>
    </ClCompile>
    <ClCompile Include="Collision.cpp">
      <Filter>Framework\Collision</Filter>
    </ClCompile>
    <ClCompile Include="CastleVania.cpp">
      <Filter>Framework\Game</Filter>
    </ClCompile>
    <ClCompile Include="Game.cpp">
      <Filter>Framework\Game</Filter>
    </ClCompile>
    <ClCompile Include="BaseGameObject.cpp">
      <Filter>Framework\Game Object\BaseObjectGame</Filter>
    </ClCompile>
    <ClCompile Include="Simon.cpp">
      <Filter>Framework\Player\Simon</Filter>
    </ClCompile>
    <ClCompile Include="DrawObject.cpp">
      <Filter>Framework\DrawObject</Filter>
    </ClCompile>
    <ClCompile Include="PoolObject.cpp">
      <Filter>Framework\DrawObject</Filter>
    </ClCompile>
    <ClCompile Include="GameManager.cpp">
      <Filter>Framework\Game\GamePlay</Filter>
    </ClCompile>
    <ClCompile Include="Cane.cpp">
      <Filter>Framework\Player\Simon</Filter>
    </ClCompile>
    <ClCompile Include="HinhVuong.cpp" />
    <ClCompile Include="HinhChuNhat.cpp" />
    <ClCompile Include="OnCollision.cpp">
      <Filter>Framework\Collision</Filter>
    </ClCompile>
    <ClCompile Include="LoadObject.cpp">
      <Filter>Framework\DrawObject</Filter>
    </ClCompile>
    <ClCompile Include="Item.cpp">
      <Filter>Framework\Game Object\Item</Filter>
    </ClCompile>
    <ClCompile Include="ItemManage.cpp">
      <Filter>Framework\Game Object\Item</Filter>
    </ClCompile>
    <ClCompile Include="Enemy.cpp">
      <Filter>Framework\Game Object\Enemy</Filter>
    </ClCompile>
    <ClCompile Include="EnemyManage.cpp">
      <Filter>Framework\Game Object\Enemy</Filter>
    </ClCompile>
    <ClCompile Include="Zombie.cpp">
      <Filter>Framework\Game Object\Enemy\Zombie</Filter>
    </ClCompile>
    <ClCompile Include="VampireBat.cpp">
      <Filter>Framework\Game Object\Enemy\VampireBat</Filter>
    </ClCompile>
    <ClCompile Include="BlackLeopard.cpp">
      <Filter>Framework\Game Object\Enemy\BlackLeopard</Filter>
    </ClCompile>
    <ClCompile Include="Banner.cpp">
      <Filter>Framework\Game Object\Banner</Filter>
    </ClCompile>
    <ClCompile Include="Level.cpp">
      <Filter>Framework\Level</Filter>
    </ClCompile>
    <ClCompile Include="Move.cpp">
      <Filter>Framework\Player</Filter>
    </ClCompile>
    <ClCompile Include="Weapon.cpp">
      <Filter>Framework\Game Object\Weapon</Filter>
    </ClCompile>
    <ClCompile Include="WeaponManage.cpp">
      <Filter>Framework\Game Object\Weapon</Filter>
    </ClCompile>
    <ClCompile Include="QuadObject.cpp">
      <Filter>Framework\Quadtree</Filter>
    </ClCompile>
    <ClCompile Include="Brick.cpp">
      <Filter>Framework\Game Object</Filter>
    </ClCompile>
    <ClCompile Include="QuadNode.cpp">
      <Filter>Framework\Quadtree</Filter>
    </ClCompile>
    <ClCompile Include="QuadTree.cpp">
      <Filter>Framework\Quadtree</Filter>
    </ClCompile>
    <ClCompile Include="BossVampireBat.cpp">
      <Filter>Framework\Game Object\Enemy\Boss VampireBat</Filter>
    </ClCompile>
    <ClCompile Include="FireBall.cpp">
      <Filter>Framework\Game Object\Enemy\Fish Man</Filter>
    </ClCompile>
    <ClCompile Include="FishMan.cpp">
      <Filter>Framework\Game Object\Enemy\Fish Man</Filter>
    </ClCompile>
    <ClCompile Include="Ground.cpp">
      <Filter>Framework\Game Object\Big Light</Filter>
    </ClCompile>
    <ClCompile Include="HideObject.cpp">
      <Filter>Framework\Game Object\Hide Object</Filter>
    </ClCompile>
    <ClCompile Include="State.cpp">
      <Filter>Framework\StateGame</Filter>
    </ClCompile>
    <ClCompile Include="StateGameManager.cpp">
      <Filter>Framework\StateGame</Filter>
    </ClCompile>
    <ClCompile Include="StateGameIntro.cpp">
      <Filter>Framework\StateGame\State Intro</Filter>
    </ClCompile>
    <ClCompile Include="StateGamePlay.cpp">
      <Filter>Framework\StateGame\State Game Play</Filter>
    </ClCompile>
    <ClCompile Include="StateGameStart.cpp">
      <Filter>Framework\StateGame\State Game Start</Filter>
    </ClCompile>
    <ClCompile Include="SimonIntro.cpp">
      <Filter>Framework\StateGame\State Intro</Filter>
    </ClCompile>
    <ClCompile Include="SoundUtil.cpp">
      <Filter>Framework\Device\Sound</Filter>
    </ClCompile>
    <ClCompile Include="ManageAudio.cpp">
      <Filter>Framework\Device\Sound</Filter>
    </ClCompile>
    <ClCompile Include="Stair.cpp">
      <Filter>Framework\Game Object\Hide Object\Stair</Filter>
    </ClCompile>
    <ClCompile Include="SmallLight.cpp">
      <Filter>Framework\Game Object\Enemy\Small Light</Filter>
    </ClCompile>
    <ClCompile Include="HideObjectManage.cpp">
      <Filter>Framework\Game Object\Hide Object</Filter>
    </ClCompile>
    <ClCompile Include="DrawFont.cpp" />
    <ClCompile Include="ChangeScreen.cpp">
      <Filter>Framework\Game Object\Hide Object\Change Screen</Filter>
    </ClCompile>
    <ClCompile Include="UpStairRight.cpp">
      <Filter>Framework\Game Object\Hide Object\Stair</Filter>
    </ClCompile>
    <ClCompile Include="UpStairLeft.cpp">
      <Filter>Framework\Game Object\Hide Object\Stair</Filter>
    </ClCompile>
    <ClCompile Include="DownStairRight.cpp">
      <Filter>Framework\Game Object\Hide Object\Stair</Filter>
    </ClCompile>
    <ClCompile Include="DownStairLeft.cpp">
      <Filter>Framework\Game Object\Hide Object\Stair</Filter>
    </ClCompile>
  </ItemGroup>
  <ItemGroup>
    <None Include="ClassDiagram.cd" />
  </ItemGroup>
</Project>